
Microsoft Visual Studio Solution File, Format Version 12.00
# Visual Studio 2012
Project("{FAE04EC0-301F-11D3-BF4B-00C04F79EFBC}") = "FileSearcher", "FileSearcher\FileSearcher.csproj", "{4065424C-6275-4517-9DAC-A70FCCAADB4F}"
EndProject
Global
	GlobalSection(SolutionConfigurationPlatforms) = preSolution
		Debug|Any CPU = Debug|Any CPU
		Release|Any CPU = Release|Any CPU
	EndGlobalSection
	GlobalSection(ProjectConfigurationPlatforms) = postSolution
		{4065424C-6275-4517-9DAC-A70FCCAADB4F}.Debug|Any CPU.ActiveCfg = Debug|Any CPU
		{4065424C-6275-4517-9DAC-A70FCCAADB4F}.Debug|Any CPU.Build.0 = Debug|Any CPU
		{4065424C-6275-4517-9DAC-A70FCCAADB4F}.Release|Any CPU.ActiveCfg = Release|Any CPU
		{4065424C-6275-4517-9DAC-A70FCCAADB4F}.Release|Any CPU.Build.0 = Release|Any CPU
	EndGlobalSection
	GlobalSection(SolutionProperties) = preSolution
		HideSolutionNode = FALSE
	EndGlobalSection
EndGlobal
